// !$*UTF8*$!
{
	archiveVersion = 1;
	classes = {
	};
	objectVersion = 56;
	objects = {

/* Begin PBXBuildFile section */
		1312DB582C2938F8001CF576 /* ios_chatbotApp.swift in Sources */ = {isa = PBXBuildFile; fileRef = 1312DB572C2938F8001CF576 /* ios_chatbotApp.swift */; };
		1312DB5A2C2938F8001CF576 /* ContentView.swift in Sources */ = {isa = PBXBuildFile; fileRef = 1312DB592C2938F8001CF576 /* ContentView.swift */; };
		1312DB5C2C2938F8001CF576 /* Item.swift in Sources */ = {isa = PBXBuildFile; fileRef = 1312DB5B2C2938F8001CF576 /* Item.swift */; };
		1312DB5E2C2938FA001CF576 /* Assets.xcassets in Resources */ = {isa = PBXBuildFile; fileRef = 1312DB5D2C2938FA001CF576 /* Assets.xcassets */; };
		1312DB622C2938FA001CF576 /* Preview Assets.xcassets in Resources */ = {isa = PBXBuildFile; fileRef = 1312DB612C2938FA001CF576 /* Preview Assets.xcassets */; };
		1312DB6C2C2938FA001CF576 /* ios_chatbotTests.swift in Sources */ = {isa = PBXBuildFile; fileRef = 1312DB6B2C2938FA001CF576 /* ios_chatbotTests.swift */; };
		1312DB762C2938FA001CF576 /* ios_chatbotUITests.swift in Sources */ = {isa = PBXBuildFile; fileRef = 1312DB752C2938FA001CF576 /* ios_chatbotUITests.swift */; };
		1312DB782C2938FA001CF576 /* ios_chatbotUITestsLaunchTests.swift in Sources */ = {isa = PBXBuildFile; fileRef = 1312DB772C2938FA001CF576 /* ios_chatbotUITestsLaunchTests.swift */; };
		1312DB862C293CF3001CF576 /* DataLoader.swift in Sources */ = {isa = PBXBuildFile; fileRef = 1312DB852C293CF3001CF576 /* DataLoader.swift */; };
		1312DB8A2C293ED7001CF576 /* MessageThread.swift in Sources */ = {isa = PBXBuildFile; fileRef = 1312DB892C293ED7001CF576 /* MessageThread.swift */; };
		1312DB8D2C29402F001CF576 /* messageThreadData.json in Resources */ = {isa = PBXBuildFile; fileRef = 1312DB8C2C29402F001CF576 /* messageThreadData.json */; };
		1312DB8F2C294311001CF576 /* MessageThreadDetail.swift in Sources */ = {isa = PBXBuildFile; fileRef = 1312DB8E2C294311001CF576 /* MessageThreadDetail.swift */; };
		1312DB912C29462F001CF576 /* ios-chatbot-preview.png in Resources */ = {isa = PBXBuildFile; fileRef = 1312DB902C29462F001CF576 /* ios-chatbot-preview.png */; };
		1312DB932C29464B001CF576 /* ios-chatbot-preview.png in Resources */ = {isa = PBXBuildFile; fileRef = 1312DB922C29464B001CF576 /* ios-chatbot-preview.png */; };
/* End PBXBuildFile section */

/* Begin PBXContainerItemProxy section */
		1312DB682C2938FA001CF576 /* PBXContainerItemProxy */ = {
			isa = PBXContainerItemProxy;
			containerPortal = 1312DB4C2C2938F8001CF576 /* Project object */;
			proxyType = 1;
			remoteGlobalIDString = 1312DB532C2938F8001CF576;
			remoteInfo = "ios-chatbot";
		};
		1312DB722C2938FA001CF576 /* PBXContainerItemProxy */ = {
			isa = PBXContainerItemProxy;
			containerPortal = 1312DB4C2C2938F8001CF576 /* Project object */;
			proxyType = 1;
			remoteGlobalIDString = 1312DB532C2938F8001CF576;
			remoteInfo = "ios-chatbot";
		};
/* End PBXContainerItemProxy section */

/* Begin PBXFileReference section */
		1312DB542C2938F8001CF576 /* ios-chatbot.app */ = {isa = PBXFileReference; explicitFileType = wrapper.application; includeInIndex = 0; path = "ios-chatbot.app"; sourceTree = BUILT_PRODUCTS_DIR; };
		1312DB572C2938F8001CF576 /* ios_chatbotApp.swift */ = {isa = PBXFileReference; lastKnownFileType = sourcecode.swift; path = ios_chatbotApp.swift; sourceTree = "<group>"; };
		1312DB592C2938F8001CF576 /* ContentView.swift */ = {isa = PBXFileReference; lastKnownFileType = sourcecode.swift; path = ContentView.swift; sourceTree = "<group>"; };
		1312DB5B2C2938F8001CF576 /* Item.swift */ = {isa = PBXFileReference; lastKnownFileType = sourcecode.swift; path = Item.swift; sourceTree = "<group>"; };
		1312DB5D2C2938FA001CF576 /* Assets.xcassets */ = {isa = PBXFileReference; lastKnownFileType = folder.assetcatalog; path = Assets.xcassets; sourceTree = "<group>"; };
		1312DB5F2C2938FA001CF576 /* ios_chatbot.entitlements */ = {isa = PBXFileReference; lastKnownFileType = text.plist.entitlements; path = ios_chatbot.entitlements; sourceTree = "<group>"; };
		1312DB612C2938FA001CF576 /* Preview Assets.xcassets */ = {isa = PBXFileReference; lastKnownFileType = folder.assetcatalog; path = "Preview Assets.xcassets"; sourceTree = "<group>"; };
		1312DB672C2938FA001CF576 /* ios-chatbotTests.xctest */ = {isa = PBXFileReference; explicitFileType = wrapper.cfbundle; includeInIndex = 0; path = "ios-chatbotTests.xctest"; sourceTree = BUILT_PRODUCTS_DIR; };
		1312DB6B2C2938FA001CF576 /* ios_chatbotTests.swift */ = {isa = PBXFileReference; lastKnownFileType = sourcecode.swift; path = ios_chatbotTests.swift; sourceTree = "<group>"; };
		1312DB712C2938FA001CF576 /* ios-chatbotUITests.xctest */ = {isa = PBXFileReference; explicitFileType = wrapper.cfbundle; includeInIndex = 0; path = "ios-chatbotUITests.xctest"; sourceTree = BUILT_PRODUCTS_DIR; };
		1312DB752C2938FA001CF576 /* ios_chatbotUITests.swift */ = {isa = PBXFileReference; lastKnownFileType = sourcecode.swift; path = ios_chatbotUITests.swift; sourceTree = "<group>"; };
		1312DB772C2938FA001CF576 /* ios_chatbotUITestsLaunchTests.swift */ = {isa = PBXFileReference; lastKnownFileType = sourcecode.swift; path = ios_chatbotUITestsLaunchTests.swift; sourceTree = "<group>"; };
		1312DB852C293CF3001CF576 /* DataLoader.swift */ = {isa = PBXFileReference; lastKnownFileType = sourcecode.swift; path = DataLoader.swift; sourceTree = "<group>"; };
		1312DB892C293ED7001CF576 /* MessageThread.swift */ = {isa = PBXFileReference; lastKnownFileType = sourcecode.swift; path = MessageThread.swift; sourceTree = "<group>"; };
		1312DB8C2C29402F001CF576 /* messageThreadData.json */ = {isa = PBXFileReference; lastKnownFileType = text.json; path = messageThreadData.json; sourceTree = "<group>"; };
		1312DB8E2C294311001CF576 /* MessageThreadDetail.swift */ = {isa = PBXFileReference; lastKnownFileType = sourcecode.swift; path = MessageThreadDetail.swift; sourceTree = "<group>"; };
		1312DB902C29462F001CF576 /* ios-chatbot-preview.png */ = {isa = PBXFileReference; lastKnownFileType = image.png; name = "ios-chatbot-preview.png"; path = "../../../../Downloads/ios-chatbot-preview.png"; sourceTree = "<group>"; };
		1312DB922C29464B001CF576 /* ios-chatbot-preview.png */ = {isa = PBXFileReference; lastKnownFileType = image.png; path = "ios-chatbot-preview.png"; sourceTree = "<group>"; };
/* End PBXFileReference section */

/* Begin PBXFrameworksBuildPhase section */
		1312DB512C2938F8001CF576 /* Frameworks */ = {
			isa = PBXFrameworksBuildPhase;
			buildActionMask = 2147483647;
			files = (
			);
			runOnlyForDeploymentPostprocessing = 0;
		};
		1312DB642C2938FA001CF576 /* Frameworks */ = {
			isa = PBXFrameworksBuildPhase;
			buildActionMask = 2147483647;
			files = (
			);
			runOnlyForDeploymentPostprocessing = 0;
		};
		1312DB6E2C2938FA001CF576 /* Frameworks */ = {
			isa = PBXFrameworksBuildPhase;
			buildActionMask = 2147483647;
			files = (
			);
			runOnlyForDeploymentPostprocessing = 0;
		};
/* End PBXFrameworksBuildPhase section */

/* Begin PBXGroup section */
		1312DB4B2C2938F8001CF576 = {
			isa = PBXGroup;
			children = (
				1312DB562C2938F8001CF576 /* ios-chatbot */,
				1312DB6A2C2938FA001CF576 /* ios-chatbotTests */,
				1312DB742C2938FA001CF576 /* ios-chatbotUITests */,
				1312DB552C2938F8001CF576 /* Products */,
			);
			sourceTree = "<group>";
		};
		1312DB552C2938F8001CF576 /* Products */ = {
			isa = PBXGroup;
			children = (
				1312DB542C2938F8001CF576 /* ios-chatbot.app */,
				1312DB672C2938FA001CF576 /* ios-chatbotTests.xctest */,
				1312DB712C2938FA001CF576 /* ios-chatbotUITests.xctest */,
			);
			name = Products;
			sourceTree = "<group>";
		};
		1312DB562C2938F8001CF576 /* ios-chatbot */ = {
			isa = PBXGroup;
			children = (
				1312DB922C29464B001CF576 /* ios-chatbot-preview.png */,
				1312DB572C2938F8001CF576 /* ios_chatbotApp.swift */,
				1312DB592C2938F8001CF576 /* ContentView.swift */,
				1312DB8E2C294311001CF576 /* MessageThreadDetail.swift */,
				1312DB5B2C2938F8001CF576 /* Item.swift */,
				1312DB5D2C2938FA001CF576 /* Assets.xcassets */,
				1312DB5F2C2938FA001CF576 /* ios_chatbot.entitlements */,
				1312DB8B2C294016001CF576 /* Resources */,
				1312DB842C293CDA001CF576 /* Model */,
				1312DB602C2938FA001CF576 /* Preview Content */,
			);
			path = "ios-chatbot";
			sourceTree = "<group>";
		};
		1312DB602C2938FA001CF576 /* Preview Content */ = {
			isa = PBXGroup;
			children = (
				1312DB612C2938FA001CF576 /* Preview Assets.xcassets */,
			);
			path = "Preview Content";
			sourceTree = "<group>";
		};
		1312DB6A2C2938FA001CF576 /* ios-chatbotTests */ = {
			isa = PBXGroup;
			children = (
				1312DB6B2C2938FA001CF576 /* ios_chatbotTests.swift */,
			);
			path = "ios-chatbotTests";
			sourceTree = "<group>";
		};
		1312DB742C2938FA001CF576 /* ios-chatbotUITests */ = {
			isa = PBXGroup;
			children = (
				1312DB902C29462F001CF576 /* ios-chatbot-preview.png */,
				1312DB752C2938FA001CF576 /* ios_chatbotUITests.swift */,
				1312DB772C2938FA001CF576 /* ios_chatbotUITestsLaunchTests.swift */,
			);
			path = "ios-chatbotUITests";
			sourceTree = "<group>";
		};
		1312DB842C293CDA001CF576 /* Model */ = {
			isa = PBXGroup;
			children = (
				1312DB852C293CF3001CF576 /* DataLoader.swift */,
				1312DB892C293ED7001CF576 /* MessageThread.swift */,
			);
			path = Model;
			sourceTree = "<group>";
		};
		1312DB8B2C294016001CF576 /* Resources */ = {
			isa = PBXGroup;
			children = (
				1312DB8C2C29402F001CF576 /* messageThreadData.json */,
			);
			path = Resources;
			sourceTree = "<group>";
		};
/* End PBXGroup section */

/* Begin PBXNativeTarget section */
		1312DB532C2938F8001CF576 /* ios-chatbot */ = {
			isa = PBXNativeTarget;
			buildConfigurationList = 1312DB7B2C2938FA001CF576 /* Build configuration list for PBXNativeTarget "ios-chatbot" */;
			buildPhases = (
				1312DB502C2938F8001CF576 /* Sources */,
				1312DB512C2938F8001CF576 /* Frameworks */,
				1312DB522C2938F8001CF576 /* Resources */,
			);
			buildRules = (
			);
			dependencies = (
			);
			name = "ios-chatbot";
			productName = "ios-chatbot";
			productReference = 1312DB542C2938F8001CF576 /* ios-chatbot.app */;
			productType = "com.apple.product-type.application";
		};
		1312DB662C2938FA001CF576 /* ios-chatbotTests */ = {
			isa = PBXNativeTarget;
			buildConfigurationList = 1312DB7E2C2938FA001CF576 /* Build configuration list for PBXNativeTarget "ios-chatbotTests" */;
			buildPhases = (
				1312DB632C2938FA001CF576 /* Sources */,
				1312DB642C2938FA001CF576 /* Frameworks */,
				1312DB652C2938FA001CF576 /* Resources */,
			);
			buildRules = (
			);
			dependencies = (
				1312DB692C2938FA001CF576 /* PBXTargetDependency */,
			);
			name = "ios-chatbotTests";
			productName = "ios-chatbotTests";
			productReference = 1312DB672C2938FA001CF576 /* ios-chatbotTests.xctest */;
			productType = "com.apple.product-type.bundle.unit-test";
		};
		1312DB702C2938FA001CF576 /* ios-chatbotUITests */ = {
			isa = PBXNativeTarget;
			buildConfigurationList = 1312DB812C2938FA001CF576 /* Build configuration list for PBXNativeTarget "ios-chatbotUITests" */;
			buildPhases = (
				1312DB6D2C2938FA001CF576 /* Sources */,
				1312DB6E2C2938FA001CF576 /* Frameworks */,
				1312DB6F2C2938FA001CF576 /* Resources */,
			);
			buildRules = (
			);
			dependencies = (
				1312DB732C2938FA001CF576 /* PBXTargetDependency */,
			);
			name = "ios-chatbotUITests";
			productName = "ios-chatbotUITests";
			productReference = 1312DB712C2938FA001CF576 /* ios-chatbotUITests.xctest */;
			productType = "com.apple.product-type.bundle.ui-testing";
		};
/* End PBXNativeTarget section */

/* Begin PBXProject section */
		1312DB4C2C2938F8001CF576 /* Project object */ = {
			isa = PBXProject;
			attributes = {
				BuildIndependentTargetsInParallel = 1;
				LastSwiftUpdateCheck = 1540;
				LastUpgradeCheck = 1540;
				TargetAttributes = {
					1312DB532C2938F8001CF576 = {
						CreatedOnToolsVersion = 15.4;
					};
					1312DB662C2938FA001CF576 = {
						CreatedOnToolsVersion = 15.4;
						TestTargetID = 1312DB532C2938F8001CF576;
					};
					1312DB702C2938FA001CF576 = {
						CreatedOnToolsVersion = 15.4;
						TestTargetID = 1312DB532C2938F8001CF576;
					};
				};
			};
			buildConfigurationList = 1312DB4F2C2938F8001CF576 /* Build configuration list for PBXProject "ios-chatbot" */;
			compatibilityVersion = "Xcode 14.0";
			developmentRegion = en;
			hasScannedForEncodings = 0;
			knownRegions = (
				en,
				Base,
			);
			mainGroup = 1312DB4B2C2938F8001CF576;
			productRefGroup = 1312DB552C2938F8001CF576 /* Products */;
			projectDirPath = "";
			projectRoot = "";
			targets = (
				1312DB532C2938F8001CF576 /* ios-chatbot */,
				1312DB662C2938FA001CF576 /* ios-chatbotTests */,
				1312DB702C2938FA001CF576 /* ios-chatbotUITests */,
			);
		};
/* End PBXProject section */

/* Begin PBXResourcesBuildPhase section */
		1312DB522C2938F8001CF576 /* Resources */ = {
			isa = PBXResourcesBuildPhase;
			buildActionMask = 2147483647;
			files = (
				1312DB8D2C29402F001CF576 /* messageThreadData.json in Resources */,
				1312DB622C2938FA001CF576 /* Preview Assets.xcassets in Resources */,
				1312DB932C29464B001CF576 /* ios-chatbot-preview.png in Resources */,
				1312DB912C29462F001CF576 /* ios-chatbot-preview.png in Resources */,
				1312DB5E2C2938FA001CF576 /* Assets.xcassets in Resources */,
			);
			runOnlyForDeploymentPostprocessing = 0;
		};
		1312DB652C2938FA001CF576 /* Resources */ = {
			isa = PBXResourcesBuildPhase;
			buildActionMask = 2147483647;
			files = (
			);
			runOnlyForDeploymentPostprocessing = 0;
		};
		1312DB6F2C2938FA001CF576 /* Resources */ = {
			isa = PBXResourcesBuildPhase;
			buildActionMask = 2147483647;
			files = (
			);
			runOnlyForDeploymentPostprocessing = 0;
		};
/* End PBXResourcesBuildPhase section */

/* Begin PBXSourcesBuildPhase section */
		1312DB502C2938F8001CF576 /* Sources */ = {
			isa = PBXSourcesBuildPhase;
			buildActionMask = 2147483647;
			files = (
				1312DB862C293CF3001CF576 /* DataLoader.swift in Sources */,
				1312DB8A2C293ED7001CF576 /* MessageThread.swift in Sources */,
				1312DB5A2C2938F8001CF576 /* ContentView.swift in Sources */,
				1312DB5C2C2938F8001CF576 /* Item.swift in Sources */,
				1312DB8F2C294311001CF576 /* MessageThreadDetail.swift in Sources */,
				1312DB582C2938F8001CF576 /* ios_chatbotApp.swift in Sources */,
			);
			runOnlyForDeploymentPostprocessing = 0;
		};
		1312DB632C2938FA001CF576 /* Sources */ = {
			isa = PBXSourcesBuildPhase;
			buildActionMask = 2147483647;
			files = (
				1312DB6C2C2938FA001CF576 /* ios_chatbotTests.swift in Sources */,
			);
			runOnlyForDeploymentPostprocessing = 0;
		};
		1312DB6D2C2938FA001CF576 /* Sources */ = {
			isa = PBXSourcesBuildPhase;
			buildActionMask = 2147483647;
			files = (
				1312DB782C2938FA001CF576 /* ios_chatbotUITestsLaunchTests.swift in Sources */,
				1312DB762C2938FA001CF576 /* ios_chatbotUITests.swift in Sources */,
			);
			runOnlyForDeploymentPostprocessing = 0;
		};
/* End PBXSourcesBuildPhase section */

/* Begin PBXTargetDependency section */
		1312DB692C2938FA001CF576 /* PBXTargetDependency */ = {
			isa = PBXTargetDependency;
			target = 1312DB532C2938F8001CF576 /* ios-chatbot */;
			targetProxy = 1312DB682C2938FA001CF576 /* PBXContainerItemProxy */;
		};
		1312DB732C2938FA001CF576 /* PBXTargetDependency */ = {
			isa = PBXTargetDependency;
			target = 1312DB532C2938F8001CF576 /* ios-chatbot */;
			targetProxy = 1312DB722C2938FA001CF576 /* PBXContainerItemProxy */;
		};
/* End PBXTargetDependency section */

/* Begin XCBuildConfiguration section */
		1312DB792C2938FA001CF576 /* Debug */ = {
			isa = XCBuildConfiguration;
			buildSettings = {
				ALWAYS_SEARCH_USER_PATHS = NO;
				ASSETCATALOG_COMPILER_GENERATE_SWIFT_ASSET_SYMBOL_EXTENSIONS = YES;
				CLANG_ANALYZER_NONNULL = YES;
				CLANG_ANALYZER_NUMBER_OBJECT_CONVERSION = YES_AGGRESSIVE;
				CLANG_CXX_LANGUAGE_STANDARD = "gnu++20";
				CLANG_ENABLE_MODULES = YES;
				CLANG_ENABLE_OBJC_ARC = YES;
				CLANG_ENABLE_OBJC_WEAK = YES;
				CLANG_WARN_BLOCK_CAPTURE_AUTORELEASING = YES;
				CLANG_WARN_BOOL_CONVERSION = YES;
				CLANG_WARN_COMMA = YES;
				CLANG_WARN_CONSTANT_CONVERSION = YES;
				CLANG_WARN_DEPRECATED_OBJC_IMPLEMENTATIONS = YES;
				CLANG_WARN_DIRECT_OBJC_ISA_USAGE = YES_ERROR;
				CLANG_WARN_DOCUMENTATION_COMMENTS = YES;
				CLANG_WARN_EMPTY_BODY = YES;
				CLANG_WARN_ENUM_CONVERSION = YES;
				CLANG_WARN_INFINITE_RECURSION = YES;
				CLANG_WARN_INT_CONVERSION = YES;
				CLANG_WARN_NON_LITERAL_NULL_CONVERSION = YES;
				CLANG_WARN_OBJC_IMPLICIT_RETAIN_SELF = YES;
				CLANG_WARN_OBJC_LITERAL_CONVERSION = YES;
				CLANG_WARN_OBJC_ROOT_CLASS = YES_ERROR;
				CLANG_WARN_QUOTED_INCLUDE_IN_FRAMEWORK_HEADER = YES;
				CLANG_WARN_RANGE_LOOP_ANALYSIS = YES;
				CLANG_WARN_STRICT_PROTOTYPES = YES;
				CLANG_WARN_SUSPICIOUS_MOVE = YES;
				CLANG_WARN_UNGUARDED_AVAILABILITY = YES_AGGRESSIVE;
				CLANG_WARN_UNREACHABLE_CODE = YES;
				CLANG_WARN__DUPLICATE_METHOD_MATCH = YES;
				COPY_PHASE_STRIP = NO;
				DEBUG_INFORMATION_FORMAT = dwarf;
				ENABLE_STRICT_OBJC_MSGSEND = YES;
				ENABLE_TESTABILITY = YES;
				ENABLE_USER_SCRIPT_SANDBOXING = YES;
				GCC_C_LANGUAGE_STANDARD = gnu17;
				GCC_DYNAMIC_NO_PIC = NO;
				GCC_NO_COMMON_BLOCKS = YES;
				GCC_OPTIMIZATION_LEVEL = 0;
				GCC_PREPROCESSOR_DEFINITIONS = (
					"DEBUG=1",
					"$(inherited)",
				);
				GCC_WARN_64_TO_32_BIT_CONVERSION = YES;
				GCC_WARN_ABOUT_RETURN_TYPE = YES_ERROR;
				GCC_WARN_UNDECLARED_SELECTOR = YES;
				GCC_WARN_UNINITIALIZED_AUTOS = YES_AGGRESSIVE;
				GCC_WARN_UNUSED_FUNCTION = YES;
				GCC_WARN_UNUSED_VARIABLE = YES;
				LOCALIZATION_PREFERS_STRING_CATALOGS = YES;
				MTL_ENABLE_DEBUG_INFO = INCLUDE_SOURCE;
				MTL_FAST_MATH = YES;
				ONLY_ACTIVE_ARCH = YES;
				SWIFT_ACTIVE_COMPILATION_CONDITIONS = "DEBUG $(inherited)";
				SWIFT_OPTIMIZATION_LEVEL = "-Onone";
			};
			name = Debug;
		};
		1312DB7A2C2938FA001CF576 /* Release */ = {
			isa = XCBuildConfiguration;
			buildSettings = {
				ALWAYS_SEARCH_USER_PATHS = NO;
				ASSETCATALOG_COMPILER_GENERATE_SWIFT_ASSET_SYMBOL_EXTENSIONS = YES;
				CLANG_ANALYZER_NONNULL = YES;
				CLANG_ANALYZER_NUMBER_OBJECT_CONVERSION = YES_AGGRESSIVE;
				CLANG_CXX_LANGUAGE_STANDARD = "gnu++20";
				CLANG_ENABLE_MODULES = YES;
				CLANG_ENABLE_OBJC_ARC = YES;
				CLANG_ENABLE_OBJC_WEAK = YES;
				CLANG_WARN_BLOCK_CAPTURE_AUTORELEASING = YES;
				CLANG_WARN_BOOL_CONVERSION = YES;
				CLANG_WARN_COMMA = YES;
				CLANG_WARN_CONSTANT_CONVERSION = YES;
				CLANG_WARN_DEPRECATED_OBJC_IMPLEMENTATIONS = YES;
				CLANG_WARN_DIRECT_OBJC_ISA_USAGE = YES_ERROR;
				CLANG_WARN_DOCUMENTATION_COMMENTS = YES;
				CLANG_WARN_EMPTY_BODY = YES;
				CLANG_WARN_ENUM_CONVERSION = YES;
				CLANG_WARN_INFINITE_RECURSION = YES;
				CLANG_WARN_INT_CONVERSION = YES;
				CLANG_WARN_NON_LITERAL_NULL_CONVERSION = YES;
				CLANG_WARN_OBJC_IMPLICIT_RETAIN_SELF = YES;
				CLANG_WARN_OBJC_LITERAL_CONVERSION = YES;
				CLANG_WARN_OBJC_ROOT_CLASS = YES_ERROR;
				CLANG_WARN_QUOTED_INCLUDE_IN_FRAMEWORK_HEADER = YES;
				CLANG_WARN_RANGE_LOOP_ANALYSIS = YES;
				CLANG_WARN_STRICT_PROTOTYPES = YES;
				CLANG_WARN_SUSPICIOUS_MOVE = YES;
				CLANG_WARN_UNGUARDED_AVAILABILITY = YES_AGGRESSIVE;
				CLANG_WARN_UNREACHABLE_CODE = YES;
				CLANG_WARN__DUPLICATE_METHOD_MATCH = YES;
				COPY_PHASE_STRIP = NO;
				DEBUG_INFORMATION_FORMAT = "dwarf-with-dsym";
				ENABLE_NS_ASSERTIONS = NO;
				ENABLE_STRICT_OBJC_MSGSEND = YES;
				ENABLE_USER_SCRIPT_SANDBOXING = YES;
				GCC_C_LANGUAGE_STANDARD = gnu17;
				GCC_NO_COMMON_BLOCKS = YES;
				GCC_WARN_64_TO_32_BIT_CONVERSION = YES;
				GCC_WARN_ABOUT_RETURN_TYPE = YES_ERROR;
				GCC_WARN_UNDECLARED_SELECTOR = YES;
				GCC_WARN_UNINITIALIZED_AUTOS = YES_AGGRESSIVE;
				GCC_WARN_UNUSED_FUNCTION = YES;
				GCC_WARN_UNUSED_VARIABLE = YES;
				LOCALIZATION_PREFERS_STRING_CATALOGS = YES;
				MTL_ENABLE_DEBUG_INFO = NO;
				MTL_FAST_MATH = YES;
				SWIFT_COMPILATION_MODE = wholemodule;
			};
			name = Release;
		};
		1312DB7C2C2938FA001CF576 /* Debug */ = {
			isa = XCBuildConfiguration;
			buildSettings = {
				ASSETCATALOG_COMPILER_APPICON_NAME = AppIcon;
				ASSETCATALOG_COMPILER_GLOBAL_ACCENT_COLOR_NAME = AccentColor;
				CODE_SIGN_ENTITLEMENTS = "ios-chatbot/ios_chatbot.entitlements";
				CODE_SIGN_STYLE = Automatic;
				CURRENT_PROJECT_VERSION = 1;
				DEVELOPMENT_ASSET_PATHS = "\"ios-chatbot/Preview Content\"";
				ENABLE_PREVIEWS = YES;
				GENERATE_INFOPLIST_FILE = YES;
				"INFOPLIST_KEY_UIApplicationSceneManifest_Generation[sdk=iphoneos*]" = YES;
				"INFOPLIST_KEY_UIApplicationSceneManifest_Generation[sdk=iphonesimulator*]" = YES;
				"INFOPLIST_KEY_UIApplicationSupportsIndirectInputEvents[sdk=iphoneos*]" = YES;
				"INFOPLIST_KEY_UIApplicationSupportsIndirectInputEvents[sdk=iphonesimulator*]" = YES;
				"INFOPLIST_KEY_UILaunchScreen_Generation[sdk=iphoneos*]" = YES;
				"INFOPLIST_KEY_UILaunchScreen_Generation[sdk=iphonesimulator*]" = YES;
				"INFOPLIST_KEY_UIStatusBarStyle[sdk=iphoneos*]" = UIStatusBarStyleDefault;
				"INFOPLIST_KEY_UIStatusBarStyle[sdk=iphonesimulator*]" = UIStatusBarStyleDefault;
				INFOPLIST_KEY_UISupportedInterfaceOrientations_iPad = "UIInterfaceOrientationPortrait UIInterfaceOrientationPortraitUpsideDown UIInterfaceOrientationLandscapeLeft UIInterfaceOrientationLandscapeRight";
				INFOPLIST_KEY_UISupportedInterfaceOrientations_iPhone = "UIInterfaceOrientationPortrait UIInterfaceOrientationLandscapeLeft UIInterfaceOrientationLandscapeRight";
				IPHONEOS_DEPLOYMENT_TARGET = 17.5;
				LD_RUNPATH_SEARCH_PATHS = "@executable_path/Frameworks";
				"LD_RUNPATH_SEARCH_PATHS[sdk=macosx*]" = "@executable_path/../Frameworks";
				MACOSX_DEPLOYMENT_TARGET = 14.0;
				MARKETING_VERSION = 1.0;
				PRODUCT_BUNDLE_IDENTIFIER = "com.meetgrit.ios-chatbot";
				PRODUCT_NAME = "$(TARGET_NAME)";
				SDKROOT = auto;
				SUPPORTED_PLATFORMS = "iphoneos iphonesimulator macosx";
				SWIFT_EMIT_LOC_STRINGS = YES;
				SWIFT_VERSION = 5.0;
				TARGETED_DEVICE_FAMILY = "1,2";
			};
			name = Debug;
		};
		1312DB7D2C2938FA001CF576 /* Release */ = {
			isa = XCBuildConfiguration;
			buildSettings = {
				ASSETCATALOG_COMPILER_APPICON_NAME = AppIcon;
				ASSETCATALOG_COMPILER_GLOBAL_ACCENT_COLOR_NAME = AccentColor;
				CODE_SIGN_ENTITLEMENTS = "ios-chatbot/ios_chatbot.entitlements";
				CODE_SIGN_STYLE = Automatic;
				CURRENT_PROJECT_VERSION = 1;
				DEVELOPMENT_ASSET_PATHS = "\"ios-chatbot/Preview Content\"";
				ENABLE_PREVIEWS = YES;
				GENERATE_INFOPLIST_FILE = YES;
				"INFOPLIST_KEY_UIApplicationSceneManifest_Generation[sdk=iphoneos*]" = YES;
				"INFOPLIST_KEY_UIApplicationSceneManifest_Generation[sdk=iphonesimulator*]" = YES;
				"INFOPLIST_KEY_UIApplicationSupportsIndirectInputEvents[sdk=iphoneos*]" = YES;
				"INFOPLIST_KEY_UIApplicationSupportsIndirectInputEvents[sdk=iphonesimulator*]" = YES;
				"INFOPLIST_KEY_UILaunchScreen_Generation[sdk=iphoneos*]" = YES;
				"INFOPLIST_KEY_UILaunchScreen_Generation[sdk=iphonesimulator*]" = YES;
				"INFOPLIST_KEY_UIStatusBarStyle[sdk=iphoneos*]" = UIStatusBarStyleDefault;
				"INFOPLIST_KEY_UIStatusBarStyle[sdk=iphonesimulator*]" = UIStatusBarStyleDefault;
				INFOPLIST_KEY_UISupportedInterfaceOrientations_iPad = "UIInterfaceOrientationPortrait UIInterfaceOrientationPortraitUpsideDown UIInterfaceOrientationLandscapeLeft UIInterfaceOrientationLandscapeRight";
				INFOPLIST_KEY_UISupportedInterfaceOrientations_iPhone = "UIInterfaceOrientationPortrait UIInterfaceOrientationLandscapeLeft UIInterfaceOrientationLandscapeRight";
				IPHONEOS_DEPLOYMENT_TARGET = 17.5;
				LD_RUNPATH_SEARCH_PATHS = "@executable_path/Frameworks";
				"LD_RUNPATH_SEARCH_PATHS[sdk=macosx*]" = "@executable_path/../Frameworks";
				MACOSX_DEPLOYMENT_TARGET = 14.0;
				MARKETING_VERSION = 1.0;
				PRODUCT_BUNDLE_IDENTIFIER = "com.meetgrit.ios-chatbot";
				PRODUCT_NAME = "$(TARGET_NAME)";
				SDKROOT = auto;
				SUPPORTED_PLATFORMS = "iphoneos iphonesimulator macosx";
				SWIFT_EMIT_LOC_STRINGS = YES;
				SWIFT_VERSION = 5.0;
				TARGETED_DEVICE_FAMILY = "1,2";
			};
			name = Release;
		};
		1312DB7F2C2938FA001CF576 /* Debug */ = {
			isa = XCBuildConfiguration;
			buildSettings = {
				ALWAYS_EMBED_SWIFT_STANDARD_LIBRARIES = YES;
				BUNDLE_LOADER = "$(TEST_HOST)";
				CODE_SIGN_STYLE = Automatic;
				CURRENT_PROJECT_VERSION = 1;
				GENERATE_INFOPLIST_FILE = YES;
				IPHONEOS_DEPLOYMENT_TARGET = 17.5;
				MACOSX_DEPLOYMENT_TARGET = 14.5;
				MARKETING_VERSION = 1.0;
				PRODUCT_BUNDLE_IDENTIFIER = "com.meetgrit.ios-chatbotTests";
				PRODUCT_NAME = "$(TARGET_NAME)";
				SDKROOT = auto;
				SUPPORTED_PLATFORMS = "iphoneos iphonesimulator macosx";
				SWIFT_EMIT_LOC_STRINGS = NO;
				SWIFT_VERSION = 5.0;
				TARGETED_DEVICE_FAMILY = "1,2";
				TEST_HOST = "$(BUILT_PRODUCTS_DIR)/ios-chatbot.app/$(BUNDLE_EXECUTABLE_FOLDER_PATH)/ios-chatbot";
			};
			name = Debug;
		};
		1312DB802C2938FA001CF576 /* Release */ = {
			isa = XCBuildConfiguration;
			buildSettings = {
				ALWAYS_EMBED_SWIFT_STANDARD_LIBRARIES = YES;
				BUNDLE_LOADER = "$(TEST_HOST)";
				CODE_SIGN_STYLE = Automatic;
				CURRENT_PROJECT_VERSION = 1;
				GENERATE_INFOPLIST_FILE = YES;
				IPHONEOS_DEPLOYMENT_TARGET = 17.5;
				MACOSX_DEPLOYMENT_TARGET = 14.5;
				MARKETING_VERSION = 1.0;
				PRODUCT_BUNDLE_IDENTIFIER = "com.meetgrit.ios-chatbotTests";
				PRODUCT_NAME = "$(TARGET_NAME)";
				SDKROOT = auto;
				SUPPORTED_PLATFORMS = "iphoneos iphonesimulator macosx";
				SWIFT_EMIT_LOC_STRINGS = NO;
				SWIFT_VERSION = 5.0;
				TARGETED_DEVICE_FAMILY = "1,2";
				TEST_HOST = "$(BUILT_PRODUCTS_DIR)/ios-chatbot.app/$(BUNDLE_EXECUTABLE_FOLDER_PATH)/ios-chatbot";
			};
			name = Release;
		};
		1312DB822C2938FA001CF576 /* Debug */ = {
			isa = XCBuildConfiguration;
			buildSettings = {
				ALWAYS_EMBED_SWIFT_STANDARD_LIBRARIES = YES;
				CODE_SIGN_STYLE = Automatic;
				CURRENT_PROJECT_VERSION = 1;
				GENERATE_INFOPLIST_FILE = YES;
				IPHONEOS_DEPLOYMENT_TARGET = 17.5;
				MACOSX_DEPLOYMENT_TARGET = 14.5;
				MARKETING_VERSION = 1.0;
				PRODUCT_BUNDLE_IDENTIFIER = "com.meetgrit.ios-chatbotUITests";
				PRODUCT_NAME = "$(TARGET_NAME)";
				SDKROOT = auto;
				SUPPORTED_PLATFORMS = "iphoneos iphonesimulator macosx";
				SWIFT_EMIT_LOC_STRINGS = NO;
				SWIFT_VERSION = 5.0;
				TARGETED_DEVICE_FAMILY = "1,2";
				TEST_TARGET_NAME = "ios-chatbot";
			};
			name = Debug;
		};
		1312DB832C2938FA001CF576 /* Release */ = {
			isa = XCBuildConfiguration;
			buildSettings = {
				ALWAYS_EMBED_SWIFT_STANDARD_LIBRARIES = YES;
				CODE_SIGN_STYLE = Automatic;
				CURRENT_PROJECT_VERSION = 1;
				GENERATE_INFOPLIST_FILE = YES;
				IPHONEOS_DEPLOYMENT_TARGET = 17.5;
				MACOSX_DEPLOYMENT_TARGET = 14.5;
				MARKETING_VERSION = 1.0;
				PRODUCT_BUNDLE_IDENTIFIER = "com.meetgrit.ios-chatbotUITests";
				PRODUCT_NAME = "$(TARGET_NAME)";
				SDKROOT = auto;
				SUPPORTED_PLATFORMS = "iphoneos iphonesimulator macosx";
				SWIFT_EMIT_LOC_STRINGS = NO;
				SWIFT_VERSION = 5.0;
				TARGETED_DEVICE_FAMILY = "1,2";
				TEST_TARGET_NAME = "ios-chatbot";
			};
			name = Release;
		};
/* End XCBuildConfiguration section */

/* Begin XCConfigurationList section */
		1312DB4F2C2938F8001CF576 /* Build configuration list for PBXProject "ios-chatbot" */ = {
			isa = XCConfigurationList;
			buildConfigurations = (
				1312DB792C2938FA001CF576 /* Debug */,
				1312DB7A2C2938FA001CF576 /* Release */,
			);
			defaultConfigurationIsVisible = 0;
			defaultConfigurationName = Release;
		};
		1312DB7B2C2938FA001CF576 /* Build configuration list for PBXNativeTarget "ios-chatbot" */ = {
			isa = XCConfigurationList;
			buildConfigurations = (
				1312DB7C2C2938FA001CF576 /* Debug */,
				1312DB7D2C2938FA001CF576 /* Release */,
			);
			defaultConfigurationIsVisible = 0;
			defaultConfigurationName = Release;
		};
		1312DB7E2C2938FA001CF576 /* Build configuration list for PBXNativeTarget "ios-chatbotTests" */ = {
			isa = XCConfigurationList;
			buildConfigurations = (
				1312DB7F2C2938FA001CF576 /* Debug */,
				1312DB802C2938FA001CF576 /* Release */,
			);
			defaultConfigurationIsVisible = 0;
			defaultConfigurationName = Release;
		};
		1312DB812C2938FA001CF576 /* Build configuration list for PBXNativeTarget "ios-chatbotUITests" */ = {
			isa = XCConfigurationList;
			buildConfigurations = (
				1312DB822C2938FA001CF576 /* Debug */,
				1312DB832C2938FA001CF576 /* Release */,
			);
			defaultConfigurationIsVisible = 0;
			defaultConfigurationName = Release;
		};
/* End XCConfigurationList section */
	};
	rootObject = 1312DB4C2C2938F8001CF576 /* Project object */;
}
